
Microsoft Visual Studio Solution File, Format Version 12.00
# Visual Studio 15
VisualStudioVersion = 15.0.28307.489
MinimumVisualStudioVersion = 10.0.40219.1
Project("{FAE04EC0-301F-11D3-BF4B-00C04F79EFBC}") = "project.Android", "project\project.Android\project.Android.csproj", "{9B0E3360-82CB-4BEA-8FCA-72E33FC88572}"
EndProject
Project("{FAE04EC0-301F-11D3-BF4B-00C04F79EFBC}") = "project", "project\project\project.csproj", "{D217E7F4-A682-48F3-88DD-15C607ADB32B}"
EndProject
Global
	GlobalSection(SolutionConfigurationPlatforms) = preSolution
		Debug|Any CPU = Debug|Any CPU
		Release|Any CPU = Release|Any CPU
	EndGlobalSection
	GlobalSection(ProjectConfigurationPlatforms) = postSolution
		{9B0E3360-82CB-4BEA-8FCA-72E33FC88572}.Debug|Any CPU.ActiveCfg = Debug|Any CPU
		{9B0E3360-82CB-4BEA-8FCA-72E33FC88572}.Debug|Any CPU.Build.0 = Debug|Any CPU
		{9B0E3360-82CB-4BEA-8FCA-72E33FC88572}.Debug|Any CPU.Deploy.0 = Debug|Any CPU
		{9B0E3360-82CB-4BEA-8FCA-72E33FC88572}.Release|Any CPU.ActiveCfg = Release|Any CPU
		{9B0E3360-82CB-4BEA-8FCA-72E33FC88572}.Release|Any CPU.Build.0 = Release|Any CPU
		{9B0E3360-82CB-4BEA-8FCA-72E33FC88572}.Release|Any CPU.Deploy.0 = Release|Any CPU
		{D217E7F4-A682-48F3-88DD-15C607ADB32B}.Debug|Any CPU.ActiveCfg = Debug|Any CPU
		{D217E7F4-A682-48F3-88DD-15C607ADB32B}.Debug|Any CPU.Build.0 = Debug|Any CPU
		{D217E7F4-A682-48F3-88DD-15C607ADB32B}.Debug|Any CPU.Deploy.0 = Debug|Any CPU
		{D217E7F4-A682-48F3-88DD-15C607ADB32B}.Release|Any CPU.ActiveCfg = Release|Any CPU
		{D217E7F4-A682-48F3-88DD-15C607ADB32B}.Release|Any CPU.Build.0 = Release|Any CPU
		{D217E7F4-A682-48F3-88DD-15C607ADB32B}.Release|Any CPU.Deploy.0 = Release|Any CPU
	EndGlobalSection
	GlobalSection(SolutionProperties) = preSolution
		HideSolutionNode = FALSE
	EndGlobalSection
	GlobalSection(ExtensibilityGlobals) = postSolution
		SolutionGuid = {F094F748-910B-4A8B-8C00-2C4AD1B3EA3D}
	EndGlobalSection
EndGlobal
